// !$*UTF8*$!
{
	archiveVersion = 1;
	classes = {
	};
	objectVersion = 48;
	objects = {

/* Begin PBXBuildFile section */
		B85DA3D62012CA5700B4268F /* AppDelegate.swift in Sources */ = {isa = PBXBuildFile; fileRef = B85DA3D52012CA5700B4268F /* AppDelegate.swift */; };
		B85DA3D82012CA5700B4268F /* ViewController.swift in Sources */ = {isa = PBXBuildFile; fileRef = B85DA3D72012CA5700B4268F /* ViewController.swift */; };
		B85DA3DB2012CA5700B4268F /* Main.storyboard in Resources */ = {isa = PBXBuildFile; fileRef = B85DA3D92012CA5700B4268F /* Main.storyboard */; };
		B85DA3DE2012CA5700B4268F /* Core_Data_Fun.xcdatamodeld in Sources */ = {isa = PBXBuildFile; fileRef = B85DA3DC2012CA5700B4268F /* Core_Data_Fun.xcdatamodeld */; };
		B85DA3E02012CA5800B4268F /* Assets.xcassets in Resources */ = {isa = PBXBuildFile; fileRef = B85DA3DF2012CA5800B4268F /* Assets.xcassets */; };
		B85DA3E32012CA5800B4268F /* LaunchScreen.storyboard in Resources */ = {isa = PBXBuildFile; fileRef = B85DA3E12012CA5800B4268F /* LaunchScreen.storyboard */; };
/* End PBXBuildFile section */

/* Begin PBXFileReference section */
		B85DA3D22012CA5700B4268F /* Core Data Fun.app */ = {isa = PBXFileReference; explicitFileType = wrapper.application; includeInIndex = 0; path = "Core Data Fun.app"; sourceTree = BUILT_PRODUCTS_DIR; };
		B85DA3D52012CA5700B4268F /* AppDelegate.swift */ = {isa = PBXFileReference; lastKnownFileType = sourcecode.swift; path = AppDelegate.swift; sourceTree = "<group>"; };
		B85DA3D72012CA5700B4268F /* ViewController.swift */ = {isa = PBXFileReference; lastKnownFileType = sourcecode.swift; path = ViewController.swift; sourceTree = "<group>"; };
		B85DA3DA2012CA5700B4268F /* Base */ = {isa = PBXFileReference; lastKnownFileType = file.storyboard; name = Base; path = Base.lproj/Main.storyboard; sourceTree = "<group>"; };
		B85DA3DD2012CA5700B4268F /* Core_Data_Fun.xcdatamodel */ = {isa = PBXFileReference; lastKnownFileType = wrapper.xcdatamodel; path = Core_Data_Fun.xcdatamodel; sourceTree = "<group>"; };
		B85DA3DF2012CA5800B4268F /* Assets.xcassets */ = {isa = PBXFileReference; lastKnownFileType = folder.assetcatalog; path = Assets.xcassets; sourceTree = "<group>"; };
		B85DA3E22012CA5800B4268F /* Base */ = {isa = PBXFileReference; lastKnownFileType = file.storyboard; name = Base; path = Base.lproj/LaunchScreen.storyboard; sourceTree = "<group>"; };
		B85DA3E42012CA5800B4268F /* Info.plist */ = {isa = PBXFileReference; lastKnownFileType = text.plist.xml; path = Info.plist; sourceTree = "<group>"; };
/* End PBXFileReference section */

/* Begin PBXFrameworksBuildPhase section */
		B85DA3CF2012CA5700B4268F /* Frameworks */ = {
			isa = PBXFrameworksBuildPhase;
			buildActionMask = 2147483647;
			files = (
			);
			runOnlyForDeploymentPostprocessing = 0;
		};
/* End PBXFrameworksBuildPhase section */

/* Begin PBXGroup section */
		B85DA3C92012CA5700B4268F = {
			isa = PBXGroup;
			children = (
				B85DA3D42012CA5700B4268F /* Core Data Fun */,
				B85DA3D32012CA5700B4268F /* Products */,
			);
			sourceTree = "<group>";
		};
		B85DA3D32012CA5700B4268F /* Products */ = {
			isa = PBXGroup;
			children = (
				B85DA3D22012CA5700B4268F /* Core Data Fun.app */,
			);
			name = Products;
			sourceTree = "<group>";
		};
		B85DA3D42012CA5700B4268F /* Core Data Fun */ = {
			isa = PBXGroup;
			children = (
				B85DA3D52012CA5700B4268F /* AppDelegate.swift */,
				B85DA3D72012CA5700B4268F /* ViewController.swift */,
				B85DA3D92012CA5700B4268F /* Main.storyboard */,
				B85DA3DF2012CA5800B4268F /* Assets.xcassets */,
				B85DA3E12012CA5800B4268F /* LaunchScreen.storyboard */,
				B85DA3E42012CA5800B4268F /* Info.plist */,
				B85DA3DC2012CA5700B4268F /* Core_Data_Fun.xcdatamodeld */,
			);
			path = "Core Data Fun";
			sourceTree = "<group>";
		};
/* End PBXGroup section */

/* Begin PBXNativeTarget section */
		B85DA3D12012CA5700B4268F /* Core Data Fun */ = {
			isa = PBXNativeTarget;
			buildConfigurationList = B85DA3E72012CA5800B4268F /* Build configuration list for PBXNativeTarget "Core Data Fun" */;
			buildPhases = (
				B85DA3CE2012CA5700B4268F /* Sources */,
				B85DA3CF2012CA5700B4268F /* Frameworks */,
				B85DA3D02012CA5700B4268F /* Resources */,
			);
			buildRules = (
			);
			dependencies = (
			);
			name = "Core Data Fun";
			productName = "Core Data Fun";
			productReference = B85DA3D22012CA5700B4268F /* Core Data Fun.app */;
			productType = "com.apple.product-type.application";
		};
/* End PBXNativeTarget section */

/* Begin PBXProject section */
		B85DA3CA2012CA5700B4268F /* Project object */ = {
			isa = PBXProject;
			attributes = {
				LastSwiftUpdateCheck = 0920;
				LastUpgradeCheck = 0920;
				ORGANIZATIONNAME = "Nick Walter";
				TargetAttributes = {
					B85DA3D12012CA5700B4268F = {
						CreatedOnToolsVersion = 9.2;
						ProvisioningStyle = Automatic;
					};
				};
			};
			buildConfigurationList = B85DA3CD2012CA5700B4268F /* Build configuration list for PBXProject "Core Data Fun" */;
			compatibilityVersion = "Xcode 8.0";
			developmentRegion = en;
			hasScannedForEncodings = 0;
			knownRegions = (
				en,
				Base,
			);
			mainGroup = B85DA3C92012CA5700B4268F;
			productRefGroup = B85DA3D32012CA5700B4268F /* Products */;
			projectDirPath = "";
			projectRoot = "";
			targets = (
				B85DA3D12012CA5700B4268F /* Core Data Fun */,
			);
		};
/* End PBXProject section */

/* Begin PBXResourcesBuildPhase section */
		B85DA3D02012CA5700B4268F /* Resources */ = {
			isa = PBXResourcesBuildPhase;
			buildActionMask = 2147483647;
			files = (
				B85DA3E32012CA5800B4268F /* LaunchScreen.storyboard in Resources */,
				B85DA3E02012CA5800B4268F /* Assets.xcassets in Resources */,
				B85DA3DB2012CA5700B4268F /* Main.storyboard in Resources */,
			);
			runOnlyForDeploymentPostprocessing = 0;
		};
/* End PBXResourcesBuildPhase section */

/* Begin PBXSourcesBuildPhase section */
		B85DA3CE2012CA5700B4268F /* Sources */ = {
			isa = PBXSourcesBuildPhase;
			buildActionMask = 2147483647;
			files = (
				B85DA3DE2012CA5700B4268F /* Core_Data_Fun.xcdatamodeld in Sources */,
				B85DA3D82012CA5700B4268F /* ViewController.swift in Sources */,
				B85DA3D62012CA5700B4268F /* AppDelegate.swift in Sources */,
			);
			runOnlyForDeploymentPostprocessing = 0;
		};
/* End PBXSourcesBuildPhase section */

/* Begin PBXVariantGroup section */
		B85DA3D92012CA5700B4268F /* Main.storyboard */ = {
			isa = PBXVariantGroup;
			children = (
				B85DA3DA2012CA5700B4268F /* Base */,
			);
			name = Main.storyboard;
			sourceTree = "<group>";
		};
		B85DA3E12012CA5800B4268F /* LaunchScreen.storyboard */ = {
			isa = PBXVariantGroup;
			children = (
				B85DA3E22012CA5800B4268F /* Base */,
			);
			name = LaunchScreen.storyboard;
			sourceTree = "<group>";
		};
/* End PBXVariantGroup section */

/* Begin XCBuildConfiguration section */
		B85DA3E52012CA5800B4268F /* Debug */ = {
			isa = XCBuildConfiguration;
			buildSettings = {
				ALWAYS_SEARCH_USER_PATHS = NO;
				CLANG_ANALYZER_NONNULL = YES;
				CLANG_ANALYZER_NUMBER_OBJECT_CONVERSION = YES_AGGRESSIVE;
				CLANG_CXX_LANGUAGE_STANDARD = "gnu++14";
				CLANG_CXX_LIBRARY = "libc++";
				CLANG_ENABLE_MODULES = YES;
				CLANG_ENABLE_OBJC_ARC = YES;
				CLANG_WARN_BLOCK_CAPTURE_AUTORELEASING = YES;
				CLANG_WARN_BOOL_CONVERSION = YES;
				CLANG_WARN_COMMA = YES;
				CLANG_WARN_CONSTANT_CONVERSION = YES;
				CLANG_WARN_DIRECT_OBJC_ISA_USAGE = YES_ERROR;
				CLANG_WARN_DOCUMENTATION_COMMENTS = YES;
				CLANG_WARN_EMPTY_BODY = YES;
				CLANG_WARN_ENUM_CONVERSION = YES;
				CLANG_WARN_INFINITE_RECURSION = YES;
				CLANG_WARN_INT_CONVERSION = YES;
				CLANG_WARN_NON_LITERAL_NULL_CONVERSION = YES;
				CLANG_WARN_OBJC_LITERAL_CONVERSION = YES;
				CLANG_WARN_OBJC_ROOT_CLASS = YES_ERROR;
				CLANG_WARN_RANGE_LOOP_ANALYSIS = YES;
				CLANG_WARN_STRICT_PROTOTYPES = YES;
				CLANG_WARN_SUSPICIOUS_MOVE = YES;
				CLANG_WARN_UNGUARDED_AVAILABILITY = YES_AGGRESSIVE;
				CLANG_WARN_UNREACHABLE_CODE = YES;
				CLANG_WARN__DUPLICATE_METHOD_MATCH = YES;
				CODE_SIGN_IDENTITY = "iPhone Developer";
				COPY_PHASE_STRIP = NO;
				DEBUG_INFORMATION_FORMAT = dwarf;
				ENABLE_STRICT_OBJC_MSGSEND = YES;
				ENABLE_TESTABILITY = YES;
				GCC_C_LANGUAGE_STANDARD = gnu11;
				GCC_DYNAMIC_NO_PIC = NO;
				GCC_NO_COMMON_BLOCKS = YES;
				GCC_OPTIMIZATION_LEVEL = 0;
				GCC_PREPROCESSOR_DEFINITIONS = (
					"DEBUG=1",
					"$(inherited)",
				);
				GCC_WARN_64_TO_32_BIT_CONVERSION = YES;
				GCC_WARN_ABOUT_RETURN_TYPE = YES_ERROR;
				GCC_WARN_UNDECLARED_SELECTOR = YES;
				GCC_WARN_UNINITIALIZED_AUTOS = YES_AGGRESSIVE;
				GCC_WARN_UNUSED_FUNCTION = YES;
				GCC_WARN_UNUSED_VARIABLE = YES;
				IPHONEOS_DEPLOYMENT_TARGET = 11.2;
				MTL_ENABLE_DEBUG_INFO = YES;
				ONLY_ACTIVE_ARCH = YES;
				SDKROOT = iphoneos;
				SWIFT_ACTIVE_COMPILATION_CONDITIONS = DEBUG;
				SWIFT_OPTIMIZATION_LEVEL = "-Onone";
			};
			name = Debug;
		};
		B85DA3E62012CA5800B4268F /* Release */ = {
			isa = XCBuildConfiguration;
			buildSettings = {
				ALWAYS_SEARCH_USER_PATHS = NO;
				CLANG_ANALYZER_NONNULL = YES;
				CLANG_ANALYZER_NUMBER_OBJECT_CONVERSION = YES_AGGRESSIVE;
				CLANG_CXX_LANGUAGE_STANDARD = "gnu++14";
				CLANG_CXX_LIBRARY = "libc++";
				CLANG_ENABLE_MODULES = YES;
				CLANG_ENABLE_OBJC_ARC = YES;
				CLANG_WARN_BLOCK_CAPTURE_AUTORELEASING = YES;
				CLANG_WARN_BOOL_CONVERSION = YES;
				CLANG_WARN_COMMA = YES;
				CLANG_WARN_CONSTANT_CONVERSION = YES;
				CLANG_WARN_DIRECT_OBJC_ISA_USAGE = YES_ERROR;
				CLANG_WARN_DOCUMENTATION_COMMENTS = YES;
				CLANG_WARN_EMPTY_BODY = YES;
				CLANG_WARN_ENUM_CONVERSION = YES;
				CLANG_WARN_INFINITE_RECURSION = YES;
				CLANG_WARN_INT_CONVERSION = YES;
				CLANG_WARN_NON_LITERAL_NULL_CONVERSION = YES;
				CLANG_WARN_OBJC_LITERAL_CONVERSION = YES;
				CLANG_WARN_OBJC_ROOT_CLASS = YES_ERROR;
				CLANG_WARN_RANGE_LOOP_ANALYSIS = YES;
				CLANG_WARN_STRICT_PROTOTYPES = YES;
				CLANG_WARN_SUSPICIOUS_MOVE = YES;
				CLANG_WARN_UNGUARDED_AVAILABILITY = YES_AGGRESSIVE;
				CLANG_WARN_UNREACHABLE_CODE = YES;
				CLANG_WARN__DUPLICATE_METHOD_MATCH = YES;
				CODE_SIGN_IDENTITY = "iPhone Developer";
				COPY_PHASE_STRIP = NO;
				DEBUG_INFORMATION_FORMAT = "dwarf-with-dsym";
				ENABLE_NS_ASSERTIONS = NO;
				ENABLE_STRICT_OBJC_MSGSEND = YES;
				GCC_C_LANGUAGE_STANDARD = gnu11;
				GCC_NO_COMMON_BLOCKS = YES;
				GCC_WARN_64_TO_32_BIT_CONVERSION = YES;
				GCC_WARN_ABOUT_RETURN_TYPE = YES_ERROR;
				GCC_WARN_UNDECLARED_SELECTOR = YES;
				GCC_WARN_UNINITIALIZED_AUTOS = YES_AGGRESSIVE;
				GCC_WARN_UNUSED_FUNCTION = YES;
				GCC_WARN_UNUSED_VARIABLE = YES;
				IPHONEOS_DEPLOYMENT_TARGET = 11.2;
				MTL_ENABLE_DEBUG_INFO = NO;
				SDKROOT = iphoneos;
				SWIFT_OPTIMIZATION_LEVEL = "-Owholemodule";
				VALIDATE_PRODUCT = YES;
			};
			name = Release;
		};
		B85DA3E82012CA5800B4268F /* Debug */ = {
			isa = XCBuildConfiguration;
			buildSettings = {
				ASSETCATALOG_COMPILER_APPICON_NAME = AppIcon;
				CODE_SIGN_STYLE = Automatic;
				INFOPLIST_FILE = "Core Data Fun/Info.plist";
				LD_RUNPATH_SEARCH_PATHS = "$(inherited) @executable_path/Frameworks";
				PRODUCT_BUNDLE_IDENTIFIER = "com.zappycode.Core-Data-Fun";
				PRODUCT_NAME = "$(TARGET_NAME)";
				SWIFT_VERSION = 4.0;
				TARGETED_DEVICE_FAMILY = "1,2";
			};
			name = Debug;
		};
		B85DA3E92012CA5800B4268F /* Release */ = {
			isa = XCBuildConfiguration;
			buildSettings = {
				ASSETCATALOG_COMPILER_APPICON_NAME = AppIcon;
				CODE_SIGN_STYLE = Automatic;
				INFOPLIST_FILE = "Core Data Fun/Info.plist";
				LD_RUNPATH_SEARCH_PATHS = "$(inherited) @executable_path/Frameworks";
				PRODUCT_BUNDLE_IDENTIFIER = "com.zappycode.Core-Data-Fun";
				PRODUCT_NAME = "$(TARGET_NAME)";
				SWIFT_VERSION = 4.0;
				TARGETED_DEVICE_FAMILY = "1,2";
			};
			name = Release;
		};
/* End XCBuildConfiguration section */

/* Begin XCConfigurationList section */
		B85DA3CD2012CA5700B4268F /* Build configuration list for PBXProject "Core Data Fun" */ = {
			isa = XCConfigurationList;
			buildConfigurations = (
				B85DA3E52012CA5800B4268F /* Debug */,
				B85DA3E62012CA5800B4268F /* Release */,
			);
			defaultConfigurationIsVisible = 0;
			defaultConfigurationName = Release;
		};
		B85DA3E72012CA5800B4268F /* Build configuration list for PBXNativeTarget "Core Data Fun" */ = {
			isa = XCConfigurationList;
			buildConfigurations = (
				B85DA3E82012CA5800B4268F /* Debug */,
				B85DA3E92012CA5800B4268F /* Release */,
			);
			defaultConfigurationIsVisible = 0;
			defaultConfigurationName = Release;
		};
/* End XCConfigurationList section */

/* Begin XCVersionGroup section */
		B85DA3DC2012CA5700B4268F /* Core_Data_Fun.xcdatamodeld */ = {
			isa = XCVersionGroup;
			children = (
				B85DA3DD2012CA5700B4268F /* Core_Data_Fun.xcdatamodel */,
			);
			currentVersion = B85DA3DD2012CA5700B4268F /* Core_Data_Fun.xcdatamodel */;
			path = Core_Data_Fun.xcdatamodeld;
			sourceTree = "<group>";
			versionGroupType = wrapper.xcdatamodel;
		};
/* End XCVersionGroup section */
	};
	rootObject = B85DA3CA2012CA5700B4268F /* Project object */;
}
